
Microsoft Visual Studio Solution File, Format Version 12.00
# Visual Studio Version 17
VisualStudioVersion = 17.0.31903.59
MinimumVisualStudioVersion = 10.0.40219.1
Project("{2150E333-8FDC-42A3-9474-1A3956D46DE8}") = "src", "src", "{827E0CD3-B72D-47B6-A68D-7590B98EB39B}"
EndProject
Project("{FAE04EC0-301F-11D3-BF4B-00C04F79EFBC}") = "EasyEject.Models", "src\EasyEject.Models\EasyEject.Models.csproj", "{98717A17-3614-44D3-A087-F9E361679478}"
EndProject
Project("{FAE04EC0-301F-11D3-BF4B-00C04F79EFBC}") = "EasyEject.Core", "src\EasyEject.Core\EasyEject.Core.csproj", "{C25731F0-C636-4057-AC20-5A1B7BD5D96F}"
EndProject
Project("{FAE04EC0-301F-11D3-BF4B-00C04F79EFBC}") = "EasyEject.Win32", "src\EasyEject.Win32\EasyEject.Win32.csproj", "{364BA210-60CE-4CE4-AFA2-374ED14C85E2}"
EndProject
Project("{FAE04EC0-301F-11D3-BF4B-00C04F79EFBC}") = "EasyEject.Services", "src\EasyEject.Services\EasyEject.Services.csproj", "{A1D862B1-1C92-42CC-B6AA-F3B1576AF3E9}"
EndProject
Project("{FAE04EC0-301F-11D3-BF4B-00C04F79EFBC}") = "EasyEject.UI", "src\EasyEject.UI\EasyEject.UI.csproj", "{906D0195-37D5-48BD-8302-121BF3F94A1E}"
EndProject
Project("{FAE04EC0-301F-11D3-BF4B-00C04F79EFBC}") = "EasyEject.Tests", "src\EasyEject.Tests\EasyEject.Tests.csproj", "{46722435-7225-4B42-986D-8D654FCAE61B}"
EndProject
Global
	GlobalSection(SolutionConfigurationPlatforms) = preSolution
		Debug|Any CPU = Debug|Any CPU
		Debug|x64 = Debug|x64
		Debug|x86 = Debug|x86
		Release|Any CPU = Release|Any CPU
		Release|x64 = Release|x64
		Release|x86 = Release|x86
	EndGlobalSection
	GlobalSection(ProjectConfigurationPlatforms) = postSolution
		{98717A17-3614-44D3-A087-F9E361679478}.Debug|Any CPU.ActiveCfg = Debug|Any CPU
		{98717A17-3614-44D3-A087-F9E361679478}.Debug|Any CPU.Build.0 = Debug|Any CPU
		{98717A17-3614-44D3-A087-F9E361679478}.Debug|x64.ActiveCfg = Debug|Any CPU
		{98717A17-3614-44D3-A087-F9E361679478}.Debug|x64.Build.0 = Debug|Any CPU
		{98717A17-3614-44D3-A087-F9E361679478}.Debug|x86.ActiveCfg = Debug|Any CPU
		{98717A17-3614-44D3-A087-F9E361679478}.Debug|x86.Build.0 = Debug|Any CPU
		{98717A17-3614-44D3-A087-F9E361679478}.Release|Any CPU.ActiveCfg = Release|Any CPU
		{98717A17-3614-44D3-A087-F9E361679478}.Release|Any CPU.Build.0 = Release|Any CPU
		{98717A17-3614-44D3-A087-F9E361679478}.Release|x64.ActiveCfg = Release|Any CPU
		{98717A17-3614-44D3-A087-F9E361679478}.Release|x64.Build.0 = Release|Any CPU
		{98717A17-3614-44D3-A087-F9E361679478}.Release|x86.ActiveCfg = Release|Any CPU
		{98717A17-3614-44D3-A087-F9E361679478}.Release|x86.Build.0 = Release|Any CPU
		{C25731F0-C636-4057-AC20-5A1B7BD5D96F}.Debug|Any CPU.ActiveCfg = Debug|Any CPU
		{C25731F0-C636-4057-AC20-5A1B7BD5D96F}.Debug|Any CPU.Build.0 = Debug|Any CPU
		{C25731F0-C636-4057-AC20-5A1B7BD5D96F}.Debug|x64.ActiveCfg = Debug|Any CPU
		{C25731F0-C636-4057-AC20-5A1B7BD5D96F}.Debug|x64.Build.0 = Debug|Any CPU
		{C25731F0-C636-4057-AC20-5A1B7BD5D96F}.Debug|x86.ActiveCfg = Debug|Any CPU
		{C25731F0-C636-4057-AC20-5A1B7BD5D96F}.Debug|x86.Build.0 = Debug|Any CPU
		{C25731F0-C636-4057-AC20-5A1B7BD5D96F}.Release|Any CPU.ActiveCfg = Release|Any CPU
		{C25731F0-C636-4057-AC20-5A1B7BD5D96F}.Release|Any CPU.Build.0 = Release|Any CPU
		{C25731F0-C636-4057-AC20-5A1B7BD5D96F}.Release|x64.ActiveCfg = Release|Any CPU
		{C25731F0-C636-4057-AC20-5A1B7BD5D96F}.Release|x64.Build.0 = Release|Any CPU
		{C25731F0-C636-4057-AC20-5A1B7BD5D96F}.Release|x86.ActiveCfg = Release|Any CPU
		{C25731F0-C636-4057-AC20-5A1B7BD5D96F}.Release|x86.Build.0 = Release|Any CPU
		{364BA210-60CE-4CE4-AFA2-374ED14C85E2}.Debug|Any CPU.ActiveCfg = Debug|x64
		{364BA210-60CE-4CE4-AFA2-374ED14C85E2}.Debug|Any CPU.Build.0 = Debug|x64
		{364BA210-60CE-4CE4-AFA2-374ED14C85E2}.Debug|x64.ActiveCfg = Debug|x64
		{364BA210-60CE-4CE4-AFA2-374ED14C85E2}.Debug|x64.Build.0 = Debug|x64
		{364BA210-60CE-4CE4-AFA2-374ED14C85E2}.Debug|x86.ActiveCfg = Debug|x64
		{364BA210-60CE-4CE4-AFA2-374ED14C85E2}.Debug|x86.Build.0 = Debug|x64
		{364BA210-60CE-4CE4-AFA2-374ED14C85E2}.Release|Any CPU.ActiveCfg = Release|x64
		{364BA210-60CE-4CE4-AFA2-374ED14C85E2}.Release|Any CPU.Build.0 = Release|x64
		{364BA210-60CE-4CE4-AFA2-374ED14C85E2}.Release|x64.ActiveCfg = Release|x64
		{364BA210-60CE-4CE4-AFA2-374ED14C85E2}.Release|x64.Build.0 = Release|x64
		{364BA210-60CE-4CE4-AFA2-374ED14C85E2}.Release|x86.ActiveCfg = Release|x64
		{364BA210-60CE-4CE4-AFA2-374ED14C85E2}.Release|x86.Build.0 = Release|x64
		{A1D862B1-1C92-42CC-B6AA-F3B1576AF3E9}.Debug|Any CPU.ActiveCfg = Debug|x64
		{A1D862B1-1C92-42CC-B6AA-F3B1576AF3E9}.Debug|Any CPU.Build.0 = Debug|x64
		{A1D862B1-1C92-42CC-B6AA-F3B1576AF3E9}.Debug|x64.ActiveCfg = Debug|x64
		{A1D862B1-1C92-42CC-B6AA-F3B1576AF3E9}.Debug|x64.Build.0 = Debug|x64
		{A1D862B1-1C92-42CC-B6AA-F3B1576AF3E9}.Debug|x86.ActiveCfg = Debug|x64
		{A1D862B1-1C92-42CC-B6AA-F3B1576AF3E9}.Debug|x86.Build.0 = Debug|x64
		{A1D862B1-1C92-42CC-B6AA-F3B1576AF3E9}.Release|Any CPU.ActiveCfg = Release|x64
		{A1D862B1-1C92-42CC-B6AA-F3B1576AF3E9}.Release|Any CPU.Build.0 = Release|x64
		{A1D862B1-1C92-42CC-B6AA-F3B1576AF3E9}.Release|x64.ActiveCfg = Release|x64
		{A1D862B1-1C92-42CC-B6AA-F3B1576AF3E9}.Release|x64.Build.0 = Release|x64
		{A1D862B1-1C92-42CC-B6AA-F3B1576AF3E9}.Release|x86.ActiveCfg = Release|x64
		{A1D862B1-1C92-42CC-B6AA-F3B1576AF3E9}.Release|x86.Build.0 = Release|x64
		{906D0195-37D5-48BD-8302-121BF3F94A1E}.Debug|Any CPU.ActiveCfg = Debug|x64
		{906D0195-37D5-48BD-8302-121BF3F94A1E}.Debug|Any CPU.Build.0 = Debug|x64
		{906D0195-37D5-48BD-8302-121BF3F94A1E}.Debug|x64.ActiveCfg = Debug|x64
		{906D0195-37D5-48BD-8302-121BF3F94A1E}.Debug|x64.Build.0 = Debug|x64
		{906D0195-37D5-48BD-8302-121BF3F94A1E}.Debug|x86.ActiveCfg = Debug|x64
		{906D0195-37D5-48BD-8302-121BF3F94A1E}.Debug|x86.Build.0 = Debug|x64
		{906D0195-37D5-48BD-8302-121BF3F94A1E}.Release|Any CPU.ActiveCfg = Release|x64
		{906D0195-37D5-48BD-8302-121BF3F94A1E}.Release|Any CPU.Build.0 = Release|x64
		{906D0195-37D5-48BD-8302-121BF3F94A1E}.Release|x64.ActiveCfg = Release|x64
		{906D0195-37D5-48BD-8302-121BF3F94A1E}.Release|x64.Build.0 = Release|x64
		{906D0195-37D5-48BD-8302-121BF3F94A1E}.Release|x86.ActiveCfg = Release|x64
		{906D0195-37D5-48BD-8302-121BF3F94A1E}.Release|x86.Build.0 = Release|x64
		{46722435-7225-4B42-986D-8D654FCAE61B}.Debug|Any CPU.ActiveCfg = Debug|Any CPU
		{46722435-7225-4B42-986D-8D654FCAE61B}.Debug|Any CPU.Build.0 = Debug|Any CPU
		{46722435-7225-4B42-986D-8D654FCAE61B}.Debug|x64.ActiveCfg = Debug|Any CPU
		{46722435-7225-4B42-986D-8D654FCAE61B}.Debug|x64.Build.0 = Debug|Any CPU
		{46722435-7225-4B42-986D-8D654FCAE61B}.Debug|x86.ActiveCfg = Debug|Any CPU
		{46722435-7225-4B42-986D-8D654FCAE61B}.Debug|x86.Build.0 = Debug|Any CPU
		{46722435-7225-4B42-986D-8D654FCAE61B}.Release|Any CPU.ActiveCfg = Release|Any CPU
		{46722435-7225-4B42-986D-8D654FCAE61B}.Release|Any CPU.Build.0 = Release|Any CPU
		{46722435-7225-4B42-986D-8D654FCAE61B}.Release|x64.ActiveCfg = Release|Any CPU
		{46722435-7225-4B42-986D-8D654FCAE61B}.Release|x64.Build.0 = Release|Any CPU
		{46722435-7225-4B42-986D-8D654FCAE61B}.Release|x86.ActiveCfg = Release|Any CPU
		{46722435-7225-4B42-986D-8D654FCAE61B}.Release|x86.Build.0 = Release|Any CPU
	EndGlobalSection
	GlobalSection(SolutionProperties) = preSolution
		HideSolutionNode = FALSE
	EndGlobalSection
	GlobalSection(NestedProjects) = preSolution
		{98717A17-3614-44D3-A087-F9E361679478} = {827E0CD3-B72D-47B6-A68D-7590B98EB39B}
		{C25731F0-C636-4057-AC20-5A1B7BD5D96F} = {827E0CD3-B72D-47B6-A68D-7590B98EB39B}
		{364BA210-60CE-4CE4-AFA2-374ED14C85E2} = {827E0CD3-B72D-47B6-A68D-7590B98EB39B}
		{A1D862B1-1C92-42CC-B6AA-F3B1576AF3E9} = {827E0CD3-B72D-47B6-A68D-7590B98EB39B}
		{906D0195-37D5-48BD-8302-121BF3F94A1E} = {827E0CD3-B72D-47B6-A68D-7590B98EB39B}
		{46722435-7225-4B42-986D-8D654FCAE61B} = {827E0CD3-B72D-47B6-A68D-7590B98EB39B}
	EndGlobalSection
EndGlobal
